{
  "name": "micro-frontends",
  "version": "1.0.0",
  "lockfileVersion": 3,
  "requires": true,
  "packages": {
    "": {
      "name": "micro-frontends",
      "version": "1.0.0",
      "license": "MIT",
      "devDependencies": {
        "@biomejs/biome": "2.2.6"
      }
    },
    "node_modules/@biomejs/biome": {
      "version": "2.2.6",
      "resolved": "https://registry.npmjs.org/@biomejs/biome/-/biome-2.2.6.tgz",
      "integrity": "sha512-yKTCNGhek0rL5OEW1jbLeZX8LHaM8yk7+3JRGv08my+gkpmtb5dDE+54r2ZjZx0ediFEn1pYBOJSmOdDP9xtFw==",
      "dev": true,
      "license": "MIT OR Apache-2.0",
      "bin": {
        "biome": "bin/biome"
      },
      "engines": {
        "node": ">=14.21.3"
      },
      "funding": {
        "type": "opencollective",
        "url": "https://opencollective.com/biome"
      },
      "optionalDependencies": {
        "@biomejs/cli-darwin-arm64": "2.2.6",
        "@biomejs/cli-darwin-x64": "2.2.6",
        "@biomejs/cli-linux-arm64": "2.2.6",
        "@biomejs/cli-linux-arm64-musl": "2.2.6",
        "@biomejs/cli-linux-x64": "2.2.6",
        "@biomejs/cli-linux-x64-musl": "2.2.6",
        "@biomejs/cli-win32-arm64": "2.2.6",
        "@biomejs/cli-win32-x64": "2.2.6"
      }
    },
    "node_modules/@biomejs/cli-darwin-arm64": {
      "version": "2.2.6",
      "resolved": "https://registry.npmjs.org/@biomejs/cli-darwin-arm64/-/cli-darwin-arm64-2.2.6.tgz",
      "integrity": "sha512-UZPmn3M45CjTYulgcrFJFZv7YmK3pTxTJDrFYlNElT2FNnkkX4fsxjExTSMeWKQYoZjvekpH5cvrYZZlWu3yfA==",
      "cpu": [
        "arm64"
      ],
      "dev": true,
      "license": "MIT OR Apache-2.0",
      "optional": true,
      "os": [
        "darwin"
      ],
      "engines": {
        "node": ">=14.21.3"
      }
    }
  }
}
